
Microsoft Visual Studio Solution File, Format Version 12.00
# Visual Studio Version 16
VisualStudioVersion = 16.0.31019.35
MinimumVisualStudioVersion = 10.0.40219.1
Project("{9A19103F-16F7-4668-BE54-9A1E7A4F7556}") = "BlazorSchool", "BlazorSchool\BlazorSchool.csproj", "{190CBF52-B61C-4EEC-9F06-D967C2B8AB48}"
EndProject
Project("{9A19103F-16F7-4668-BE54-9A1E7A4F7556}") = "DataLibrary", "DataLibrary\DataLibrary.csproj", "{D56834B4-3EC1-4618-910B-3CAF0CDA6648}"
EndProject
Project("{9A19103F-16F7-4668-BE54-9A1E7A4F7556}") = "BlazorSchoolWASM", "BlazorSchoolWASM\BlazorSchoolWASM.csproj", "{023CF0CA-7495-419F-AF8A-254BE144EDFD}"
EndProject
Global
	GlobalSection(SolutionConfigurationPlatforms) = preSolution
		Debug|Any CPU = Debug|Any CPU
		Release|Any CPU = Release|Any CPU
	EndGlobalSection
	GlobalSection(ProjectConfigurationPlatforms) = postSolution
		{190CBF52-B61C-4EEC-9F06-D967C2B8AB48}.Debug|Any CPU.ActiveCfg = Debug|Any CPU
		{190CBF52-B61C-4EEC-9F06-D967C2B8AB48}.Debug|Any CPU.Build.0 = Debug|Any CPU
		{190CBF52-B61C-4EEC-9F06-D967C2B8AB48}.Release|Any CPU.ActiveCfg = Release|Any CPU
		{190CBF52-B61C-4EEC-9F06-D967C2B8AB48}.Release|Any CPU.Build.0 = Release|Any CPU
		{D56834B4-3EC1-4618-910B-3CAF0CDA6648}.Debug|Any CPU.ActiveCfg = Debug|Any CPU
		{D56834B4-3EC1-4618-910B-3CAF0CDA6648}.Debug|Any CPU.Build.0 = Debug|Any CPU
		{D56834B4-3EC1-4618-910B-3CAF0CDA6648}.Release|Any CPU.ActiveCfg = Release|Any CPU
		{D56834B4-3EC1-4618-910B-3CAF0CDA6648}.Release|Any CPU.Build.0 = Release|Any CPU
		{023CF0CA-7495-419F-AF8A-254BE144EDFD}.Debug|Any CPU.ActiveCfg = Debug|Any CPU
		{023CF0CA-7495-419F-AF8A-254BE144EDFD}.Debug|Any CPU.Build.0 = Debug|Any CPU
		{023CF0CA-7495-419F-AF8A-254BE144EDFD}.Release|Any CPU.ActiveCfg = Release|Any CPU
		{023CF0CA-7495-419F-AF8A-254BE144EDFD}.Release|Any CPU.Build.0 = Release|Any CPU
	EndGlobalSection
	GlobalSection(SolutionProperties) = preSolution
		HideSolutionNode = FALSE
	EndGlobalSection
	GlobalSection(ExtensibilityGlobals) = postSolution
		SolutionGuid = {A46FA1D7-1570-40CD-BEE2-5D3019532D46}
	EndGlobalSection
EndGlobal
